
Microsoft Visual Studio Solution File, Format Version 12.00
# Visual Studio 14
VisualStudioVersion = 14.0.25420.1
MinimumVisualStudioVersion = 10.0.40219.1
Project("{2150E333-8FDC-42A3-9474-1A3956D46DE8}") = "MinhaBiblioteca", "MinhaBiblioteca", "{0432D81A-B867-4A07-8307-8FCC2877901A}"
EndProject
Project("{FAE04EC0-301F-11D3-BF4B-00C04F79EFBC}") = "MinhaBiblioteca", "MinhaBiblioteca\MinhaBiblioteca.csproj", "{2DE34BED-2260-4816-A334-C459F7275503}"
EndProject
Global
	GlobalSection(SolutionConfigurationPlatforms) = preSolution
		Debug|Any CPU = Debug|Any CPU
		Release|Any CPU = Release|Any CPU
	EndGlobalSection
	GlobalSection(ProjectConfigurationPlatforms) = postSolution
		{2DE34BED-2260-4816-A334-C459F7275503}.Debug|Any CPU.ActiveCfg = Debug|Any CPU
		{2DE34BED-2260-4816-A334-C459F7275503}.Debug|Any CPU.Build.0 = Debug|Any CPU
		{2DE34BED-2260-4816-A334-C459F7275503}.Release|Any CPU.ActiveCfg = Release|Any CPU
		{2DE34BED-2260-4816-A334-C459F7275503}.Release|Any CPU.Build.0 = Release|Any CPU
	EndGlobalSection
	GlobalSection(SolutionProperties) = preSolution
		HideSolutionNode = FALSE
	EndGlobalSection
	GlobalSection(NestedProjects) = preSolution
		{2DE34BED-2260-4816-A334-C459F7275503} = {0432D81A-B867-4A07-8307-8FCC2877901A}
	EndGlobalSection
EndGlobal
